
Microsoft Visual Studio Solution File, Format Version 12.00
# Visual Studio Version 18
VisualStudioVersion = 18.2.11415.280
MinimumVisualStudioVersion = 10.0.40219.1
Project("{FAE04EC0-301F-11D3-BF4B-00C04F79EFBC}") = "TenantStoreApi", "TenantStoreApi\TenantStoreApi\TenantStoreApi.csproj", "{82C60F96-01C3-DF67-E399-B22055A9C17F}"
EndProject
Project("{FAE04EC0-301F-11D3-BF4B-00C04F79EFBC}") = "TenantStoreApi.Infrastructure", "TenantStoreApi.Infrastructure\TenantStoreApi.Infrastructure.csproj", "{6D46FEFB-92E6-4DAA-909F-52FF4C3CEA4A}"
EndProject
Project("{FAE04EC0-301F-11D3-BF4B-00C04F79EFBC}") = "TenantStoreApi.Domain", "TenantStoreApi.Domain\TenantStoreApi.Domain.csproj", "{ECFE2EDB-D848-47D7-8F28-34BD6260E878}"
EndProject
Project("{2150E333-8FDC-42A3-9474-1A3956D46DE8}") = "TenantStore", "TenantStore", "{E183ACA9-AD69-4AF3-BBA4-252BA1FFCCC1}"
EndProject
Project("{2150E333-8FDC-42A3-9474-1A3956D46DE8}") = "Auth", "Auth", "{D956F8D2-B273-4FE5-8239-8CA9666CE6A4}"
EndProject
Project("{FAE04EC0-301F-11D3-BF4B-00C04F79EFBC}") = "Onepunch.Auth.Core", "Onepunch.Auth.Core\Onepunch.Auth.Core.csproj", "{2FA4F0E8-6FC5-4F15-9920-8AFCFDB0CBFD}"
EndProject
Project("{FAE04EC0-301F-11D3-BF4B-00C04F79EFBC}") = "Onepunch.Auth.Domain", "Onepunch.Auth.Domain\Onepunch.Auth.Domain.csproj", "{D9929895-E616-447F-B75A-827127CEBBFE}"
EndProject
Project("{FAE04EC0-301F-11D3-BF4B-00C04F79EFBC}") = "Onepunch.Auth.Infrastructure", "Onepunch.Auth.Infrastructure\Onepunch.Auth.Infrastructure.csproj", "{932F7866-A170-4B7C-84A1-0047FE4E4A3A}"
EndProject
Project("{FAE04EC0-301F-11D3-BF4B-00C04F79EFBC}") = "NotificationService", "..\NotificationService\NotificationService\NotificationService.csproj", "{B4715449-FC93-4547-9777-0153BFAA18EF}"
EndProject
Project("{FAE04EC0-301F-11D3-BF4B-00C04F79EFBC}") = "Onepunch.Common.Lib", "Onepunch.Common.Lib\Onepunch.Common.Lib.csproj", "{769F7B15-7892-4204-8C83-5BE788CB22ED}"
EndProject
Project("{FAE04EC0-301F-11D3-BF4B-00C04F79EFBC}") = "TenantStoreApi.Core", "TenantStoreApi.Core\TenantStoreApi.Core.csproj", "{81EE7158-DCB2-86B5-A91B-6F9B20151983}"
EndProject
Project("{FAE04EC0-301F-11D3-BF4B-00C04F79EFBC}") = "OnePunch.Auth.Api", "hrms.auth.api\OnePunch.Auth.Api.csproj", "{5EEEE92B-53D4-51A4-29D6-09C81306595C}"
EndProject
Project("{FAE04EC0-301F-11D3-BF4B-00C04F79EFBC}") = "BuzlinkRepository", "..\..\repo\BuzlinkRepository.csproj", "{E6AE0ADD-D34E-B1D3-0970-D40E3B19DDA4}"
EndProject
Global
	GlobalSection(SolutionConfigurationPlatforms) = preSolution
		Debug|Any CPU = Debug|Any CPU
		Debug|x64 = Debug|x64
		Debug|x86 = Debug|x86
		Release|Any CPU = Release|Any CPU
		Release|x64 = Release|x64
		Release|x86 = Release|x86
	EndGlobalSection
	GlobalSection(ProjectConfigurationPlatforms) = postSolution
		{82C60F96-01C3-DF67-E399-B22055A9C17F}.Debug|Any CPU.ActiveCfg = Debug|Any CPU
		{82C60F96-01C3-DF67-E399-B22055A9C17F}.Debug|Any CPU.Build.0 = Debug|Any CPU
		{82C60F96-01C3-DF67-E399-B22055A9C17F}.Debug|x64.ActiveCfg = Debug|x64
		{82C60F96-01C3-DF67-E399-B22055A9C17F}.Debug|x64.Build.0 = Debug|x64
		{82C60F96-01C3-DF67-E399-B22055A9C17F}.Debug|x86.ActiveCfg = Debug|x86
		{82C60F96-01C3-DF67-E399-B22055A9C17F}.Debug|x86.Build.0 = Debug|x86
		{82C60F96-01C3-DF67-E399-B22055A9C17F}.Release|Any CPU.ActiveCfg = Release|Any CPU
		{82C60F96-01C3-DF67-E399-B22055A9C17F}.Release|Any CPU.Build.0 = Release|Any CPU
		{82C60F96-01C3-DF67-E399-B22055A9C17F}.Release|x64.ActiveCfg = Release|x64
		{82C60F96-01C3-DF67-E399-B22055A9C17F}.Release|x64.Build.0 = Release|x64
		{82C60F96-01C3-DF67-E399-B22055A9C17F}.Release|x86.ActiveCfg = Release|x86
		{82C60F96-01C3-DF67-E399-B22055A9C17F}.Release|x86.Build.0 = Release|x86
		{6D46FEFB-92E6-4DAA-909F-52FF4C3CEA4A}.Debug|Any CPU.ActiveCfg = Debug|Any CPU
		{6D46FEFB-92E6-4DAA-909F-52FF4C3CEA4A}.Debug|Any CPU.Build.0 = Debug|Any CPU
		{6D46FEFB-92E6-4DAA-909F-52FF4C3CEA4A}.Debug|x64.ActiveCfg = Debug|x64
		{6D46FEFB-92E6-4DAA-909F-52FF4C3CEA4A}.Debug|x64.Build.0 = Debug|x64
		{6D46FEFB-92E6-4DAA-909F-52FF4C3CEA4A}.Debug|x86.ActiveCfg = Debug|x86
		{6D46FEFB-92E6-4DAA-909F-52FF4C3CEA4A}.Debug|x86.Build.0 = Debug|x86
		{6D46FEFB-92E6-4DAA-909F-52FF4C3CEA4A}.Release|Any CPU.ActiveCfg = Release|Any CPU
		{6D46FEFB-92E6-4DAA-909F-52FF4C3CEA4A}.Release|Any CPU.Build.0 = Release|Any CPU
		{6D46FEFB-92E6-4DAA-909F-52FF4C3CEA4A}.Release|x64.ActiveCfg = Release|x64
		{6D46FEFB-92E6-4DAA-909F-52FF4C3CEA4A}.Release|x64.Build.0 = Release|x64
		{6D46FEFB-92E6-4DAA-909F-52FF4C3CEA4A}.Release|x86.ActiveCfg = Release|x86
		{6D46FEFB-92E6-4DAA-909F-52FF4C3CEA4A}.Release|x86.Build.0 = Release|x86
		{ECFE2EDB-D848-47D7-8F28-34BD6260E878}.Debug|Any CPU.ActiveCfg = Debug|Any CPU
		{ECFE2EDB-D848-47D7-8F28-34BD6260E878}.Debug|Any CPU.Build.0 = Debug|Any CPU
		{ECFE2EDB-D848-47D7-8F28-34BD6260E878}.Debug|x64.ActiveCfg = Debug|x64
		{ECFE2EDB-D848-47D7-8F28-34BD6260E878}.Debug|x64.Build.0 = Debug|x64
		{ECFE2EDB-D848-47D7-8F28-34BD6260E878}.Debug|x86.ActiveCfg = Debug|x86
		{ECFE2EDB-D848-47D7-8F28-34BD6260E878}.Debug|x86.Build.0 = Debug|x86
		{ECFE2EDB-D848-47D7-8F28-34BD6260E878}.Release|Any CPU.ActiveCfg = Release|Any CPU
		{ECFE2EDB-D848-47D7-8F28-34BD6260E878}.Release|Any CPU.Build.0 = Release|Any CPU
		{ECFE2EDB-D848-47D7-8F28-34BD6260E878}.Release|x64.ActiveCfg = Release|x64
		{ECFE2EDB-D848-47D7-8F28-34BD6260E878}.Release|x64.Build.0 = Release|x64
		{ECFE2EDB-D848-47D7-8F28-34BD6260E878}.Release|x86.ActiveCfg = Release|x86
		{ECFE2EDB-D848-47D7-8F28-34BD6260E878}.Release|x86.Build.0 = Release|x86
		{2FA4F0E8-6FC5-4F15-9920-8AFCFDB0CBFD}.Debug|Any CPU.ActiveCfg = Debug|Any CPU
		{2FA4F0E8-6FC5-4F15-9920-8AFCFDB0CBFD}.Debug|Any CPU.Build.0 = Debug|Any CPU
		{2FA4F0E8-6FC5-4F15-9920-8AFCFDB0CBFD}.Debug|x64.ActiveCfg = Debug|x64
		{2FA4F0E8-6FC5-4F15-9920-8AFCFDB0CBFD}.Debug|x64.Build.0 = Debug|x64
		{2FA4F0E8-6FC5-4F15-9920-8AFCFDB0CBFD}.Debug|x86.ActiveCfg = Debug|x86
		{2FA4F0E8-6FC5-4F15-9920-8AFCFDB0CBFD}.Debug|x86.Build.0 = Debug|x86
		{2FA4F0E8-6FC5-4F15-9920-8AFCFDB0CBFD}.Release|Any CPU.ActiveCfg = Release|Any CPU
		{2FA4F0E8-6FC5-4F15-9920-8AFCFDB0CBFD}.Release|Any CPU.Build.0 = Release|Any CPU
		{2FA4F0E8-6FC5-4F15-9920-8AFCFDB0CBFD}.Release|x64.ActiveCfg = Release|x64
		{2FA4F0E8-6FC5-4F15-9920-8AFCFDB0CBFD}.Release|x64.Build.0 = Release|x64
		{2FA4F0E8-6FC5-4F15-9920-8AFCFDB0CBFD}.Release|x86.ActiveCfg = Release|x86
		{2FA4F0E8-6FC5-4F15-9920-8AFCFDB0CBFD}.Release|x86.Build.0 = Release|x86
		{D9929895-E616-447F-B75A-827127CEBBFE}.Debug|Any CPU.ActiveCfg = Debug|Any CPU
		{D9929895-E616-447F-B75A-827127CEBBFE}.Debug|Any CPU.Build.0 = Debug|Any CPU
		{D9929895-E616-447F-B75A-827127CEBBFE}.Debug|x64.ActiveCfg = Debug|x64
		{D9929895-E616-447F-B75A-827127CEBBFE}.Debug|x64.Build.0 = Debug|x64
		{D9929895-E616-447F-B75A-827127CEBBFE}.Debug|x86.ActiveCfg = Debug|x86
		{D9929895-E616-447F-B75A-827127CEBBFE}.Debug|x86.Build.0 = Debug|x86
		{D9929895-E616-447F-B75A-827127CEBBFE}.Release|Any CPU.ActiveCfg = Release|Any CPU
		{D9929895-E616-447F-B75A-827127CEBBFE}.Release|Any CPU.Build.0 = Release|Any CPU
		{D9929895-E616-447F-B75A-827127CEBBFE}.Release|x64.ActiveCfg = Release|x64
		{D9929895-E616-447F-B75A-827127CEBBFE}.Release|x64.Build.0 = Release|x64
		{D9929895-E616-447F-B75A-827127CEBBFE}.Release|x86.ActiveCfg = Release|x86
		{D9929895-E616-447F-B75A-827127CEBBFE}.Release|x86.Build.0 = Release|x86
		{932F7866-A170-4B7C-84A1-0047FE4E4A3A}.Debug|Any CPU.ActiveCfg = Debug|Any CPU
		{932F7866-A170-4B7C-84A1-0047FE4E4A3A}.Debug|Any CPU.Build.0 = Debug|Any CPU
		{932F7866-A170-4B7C-84A1-0047FE4E4A3A}.Debug|x64.ActiveCfg = Debug|x64
		{932F7866-A170-4B7C-84A1-0047FE4E4A3A}.Debug|x64.Build.0 = Debug|x64
		{932F7866-A170-4B7C-84A1-0047FE4E4A3A}.Debug|x86.ActiveCfg = Debug|x86
		{932F7866-A170-4B7C-84A1-0047FE4E4A3A}.Debug|x86.Build.0 = Debug|x86
		{932F7866-A170-4B7C-84A1-0047FE4E4A3A}.Release|Any CPU.ActiveCfg = Release|Any CPU
		{932F7866-A170-4B7C-84A1-0047FE4E4A3A}.Release|Any CPU.Build.0 = Release|Any CPU
		{932F7866-A170-4B7C-84A1-0047FE4E4A3A}.Release|x64.ActiveCfg = Release|x64
		{932F7866-A170-4B7C-84A1-0047FE4E4A3A}.Release|x64.Build.0 = Release|x64
		{932F7866-A170-4B7C-84A1-0047FE4E4A3A}.Release|x86.ActiveCfg = Release|x86
		{932F7866-A170-4B7C-84A1-0047FE4E4A3A}.Release|x86.Build.0 = Release|x86
		{B4715449-FC93-4547-9777-0153BFAA18EF}.Debug|Any CPU.ActiveCfg = Debug|Any CPU
		{B4715449-FC93-4547-9777-0153BFAA18EF}.Debug|Any CPU.Build.0 = Debug|Any CPU
		{B4715449-FC93-4547-9777-0153BFAA18EF}.Debug|x64.ActiveCfg = Debug|x64
		{B4715449-FC93-4547-9777-0153BFAA18EF}.Debug|x64.Build.0 = Debug|x64
		{B4715449-FC93-4547-9777-0153BFAA18EF}.Debug|x86.ActiveCfg = Debug|x86
		{B4715449-FC93-4547-9777-0153BFAA18EF}.Debug|x86.Build.0 = Debug|x86
		{B4715449-FC93-4547-9777-0153BFAA18EF}.Release|Any CPU.ActiveCfg = Release|Any CPU
		{B4715449-FC93-4547-9777-0153BFAA18EF}.Release|Any CPU.Build.0 = Release|Any CPU
		{B4715449-FC93-4547-9777-0153BFAA18EF}.Release|x64.ActiveCfg = Release|x64
		{B4715449-FC93-4547-9777-0153BFAA18EF}.Release|x64.Build.0 = Release|x64
		{B4715449-FC93-4547-9777-0153BFAA18EF}.Release|x86.ActiveCfg = Release|x86
		{B4715449-FC93-4547-9777-0153BFAA18EF}.Release|x86.Build.0 = Release|x86
		{769F7B15-7892-4204-8C83-5BE788CB22ED}.Debug|Any CPU.ActiveCfg = Debug|Any CPU
		{769F7B15-7892-4204-8C83-5BE788CB22ED}.Debug|Any CPU.Build.0 = Debug|Any CPU
		{769F7B15-7892-4204-8C83-5BE788CB22ED}.Debug|x64.ActiveCfg = Debug|x64
		{769F7B15-7892-4204-8C83-5BE788CB22ED}.Debug|x64.Build.0 = Debug|x64
		{769F7B15-7892-4204-8C83-5BE788CB22ED}.Debug|x86.ActiveCfg = Debug|x86
		{769F7B15-7892-4204-8C83-5BE788CB22ED}.Debug|x86.Build.0 = Debug|x86
		{769F7B15-7892-4204-8C83-5BE788CB22ED}.Release|Any CPU.ActiveCfg = Release|Any CPU
		{769F7B15-7892-4204-8C83-5BE788CB22ED}.Release|Any CPU.Build.0 = Release|Any CPU
		{769F7B15-7892-4204-8C83-5BE788CB22ED}.Release|x64.ActiveCfg = Release|x64
		{769F7B15-7892-4204-8C83-5BE788CB22ED}.Release|x64.Build.0 = Release|x64
		{769F7B15-7892-4204-8C83-5BE788CB22ED}.Release|x86.ActiveCfg = Release|x86
		{769F7B15-7892-4204-8C83-5BE788CB22ED}.Release|x86.Build.0 = Release|x86
		{81EE7158-DCB2-86B5-A91B-6F9B20151983}.Debug|Any CPU.ActiveCfg = Debug|Any CPU
		{81EE7158-DCB2-86B5-A91B-6F9B20151983}.Debug|Any CPU.Build.0 = Debug|Any CPU
		{81EE7158-DCB2-86B5-A91B-6F9B20151983}.Debug|x64.ActiveCfg = Debug|x64
		{81EE7158-DCB2-86B5-A91B-6F9B20151983}.Debug|x64.Build.0 = Debug|x64
		{81EE7158-DCB2-86B5-A91B-6F9B20151983}.Debug|x86.ActiveCfg = Debug|x86
		{81EE7158-DCB2-86B5-A91B-6F9B20151983}.Debug|x86.Build.0 = Debug|x86
		{81EE7158-DCB2-86B5-A91B-6F9B20151983}.Release|Any CPU.ActiveCfg = Release|Any CPU
		{81EE7158-DCB2-86B5-A91B-6F9B20151983}.Release|Any CPU.Build.0 = Release|Any CPU
		{81EE7158-DCB2-86B5-A91B-6F9B20151983}.Release|x64.ActiveCfg = Release|x64
		{81EE7158-DCB2-86B5-A91B-6F9B20151983}.Release|x64.Build.0 = Release|x64
		{81EE7158-DCB2-86B5-A91B-6F9B20151983}.Release|x86.ActiveCfg = Release|x86
		{81EE7158-DCB2-86B5-A91B-6F9B20151983}.Release|x86.Build.0 = Release|x86
		{5EEEE92B-53D4-51A4-29D6-09C81306595C}.Debug|Any CPU.ActiveCfg = Debug|Any CPU
		{5EEEE92B-53D4-51A4-29D6-09C81306595C}.Debug|Any CPU.Build.0 = Debug|Any CPU
		{5EEEE92B-53D4-51A4-29D6-09C81306595C}.Debug|x64.ActiveCfg = Debug|Any CPU
		{5EEEE92B-53D4-51A4-29D6-09C81306595C}.Debug|x64.Build.0 = Debug|Any CPU
		{5EEEE92B-53D4-51A4-29D6-09C81306595C}.Debug|x86.ActiveCfg = Debug|Any CPU
		{5EEEE92B-53D4-51A4-29D6-09C81306595C}.Debug|x86.Build.0 = Debug|Any CPU
		{5EEEE92B-53D4-51A4-29D6-09C81306595C}.Release|Any CPU.ActiveCfg = Release|Any CPU
		{5EEEE92B-53D4-51A4-29D6-09C81306595C}.Release|Any CPU.Build.0 = Release|Any CPU
		{5EEEE92B-53D4-51A4-29D6-09C81306595C}.Release|x64.ActiveCfg = Release|Any CPU
		{5EEEE92B-53D4-51A4-29D6-09C81306595C}.Release|x64.Build.0 = Release|Any CPU
		{5EEEE92B-53D4-51A4-29D6-09C81306595C}.Release|x86.ActiveCfg = Release|Any CPU
		{5EEEE92B-53D4-51A4-29D6-09C81306595C}.Release|x86.Build.0 = Release|Any CPU
		{E6AE0ADD-D34E-B1D3-0970-D40E3B19DDA4}.Debug|Any CPU.ActiveCfg = Debug|Any CPU
		{E6AE0ADD-D34E-B1D3-0970-D40E3B19DDA4}.Debug|Any CPU.Build.0 = Debug|Any CPU
		{E6AE0ADD-D34E-B1D3-0970-D40E3B19DDA4}.Debug|x64.ActiveCfg = Debug|Any CPU
		{E6AE0ADD-D34E-B1D3-0970-D40E3B19DDA4}.Debug|x64.Build.0 = Debug|Any CPU
		{E6AE0ADD-D34E-B1D3-0970-D40E3B19DDA4}.Debug|x86.ActiveCfg = Debug|Any CPU
		{E6AE0ADD-D34E-B1D3-0970-D40E3B19DDA4}.Debug|x86.Build.0 = Debug|Any CPU
		{E6AE0ADD-D34E-B1D3-0970-D40E3B19DDA4}.Release|Any CPU.ActiveCfg = Release|Any CPU
		{E6AE0ADD-D34E-B1D3-0970-D40E3B19DDA4}.Release|Any CPU.Build.0 = Release|Any CPU
		{E6AE0ADD-D34E-B1D3-0970-D40E3B19DDA4}.Release|x64.ActiveCfg = Release|Any CPU
		{E6AE0ADD-D34E-B1D3-0970-D40E3B19DDA4}.Release|x64.Build.0 = Release|Any CPU
		{E6AE0ADD-D34E-B1D3-0970-D40E3B19DDA4}.Release|x86.ActiveCfg = Release|Any CPU
		{E6AE0ADD-D34E-B1D3-0970-D40E3B19DDA4}.Release|x86.Build.0 = Release|Any CPU
	EndGlobalSection
	GlobalSection(SolutionProperties) = preSolution
		HideSolutionNode = FALSE
	EndGlobalSection
	GlobalSection(NestedProjects) = preSolution
		{82C60F96-01C3-DF67-E399-B22055A9C17F} = {E183ACA9-AD69-4AF3-BBA4-252BA1FFCCC1}
		{6D46FEFB-92E6-4DAA-909F-52FF4C3CEA4A} = {E183ACA9-AD69-4AF3-BBA4-252BA1FFCCC1}
		{ECFE2EDB-D848-47D7-8F28-34BD6260E878} = {E183ACA9-AD69-4AF3-BBA4-252BA1FFCCC1}
		{2FA4F0E8-6FC5-4F15-9920-8AFCFDB0CBFD} = {D956F8D2-B273-4FE5-8239-8CA9666CE6A4}
		{D9929895-E616-447F-B75A-827127CEBBFE} = {D956F8D2-B273-4FE5-8239-8CA9666CE6A4}
		{932F7866-A170-4B7C-84A1-0047FE4E4A3A} = {D956F8D2-B273-4FE5-8239-8CA9666CE6A4}
		{81EE7158-DCB2-86B5-A91B-6F9B20151983} = {E183ACA9-AD69-4AF3-BBA4-252BA1FFCCC1}
		{5EEEE92B-53D4-51A4-29D6-09C81306595C} = {D956F8D2-B273-4FE5-8239-8CA9666CE6A4}
	EndGlobalSection
	GlobalSection(ExtensibilityGlobals) = postSolution
		SolutionGuid = {5367DEC2-0E1F-4B07-8AA9-6DE0B98BC54D}
	EndGlobalSection
EndGlobal
